
Microsoft Visual Studio Solution File, Format Version 12.00
Project("{FAE04EC0-301F-11D3-BF4B-00C04F79EFBC}") = "zoo", "zoo\zoo.csproj", "{79DA2E93-6327-4A2E-975C-5D2FF989B44D}"
EndProject
Global
	GlobalSection(SolutionConfigurationPlatforms) = preSolution
		Debug|Any CPU = Debug|Any CPU
		Release|Any CPU = Release|Any CPU
	EndGlobalSection
	GlobalSection(ProjectConfigurationPlatforms) = postSolution
		{79DA2E93-6327-4A2E-975C-5D2FF989B44D}.Debug|Any CPU.ActiveCfg = Debug|Any CPU
		{79DA2E93-6327-4A2E-975C-5D2FF989B44D}.Debug|Any CPU.Build.0 = Debug|Any CPU
		{79DA2E93-6327-4A2E-975C-5D2FF989B44D}.Release|Any CPU.ActiveCfg = Release|Any CPU
		{79DA2E93-6327-4A2E-975C-5D2FF989B44D}.Release|Any CPU.Build.0 = Release|Any CPU
	EndGlobalSection
EndGlobal
